
Microsoft Visual Studio Solution File, Format Version 12.00
# Visual Studio Version 17
VisualStudioVersion = 17.9.34728.123
MinimumVisualStudioVersion = 10.0.40219.1
Project("{FAE04EC0-301F-11D3-BF4B-00C04F79EFBC}") = "Moyboy_RuTubeDownloader", "Moyboy_(RuTubeDownloader)\Moyboy_RuTubeDownloader.csproj", "{985F9494-2F2C-476B-80D5-F9FB47C61890}"
EndProject
Global
	GlobalSection(SolutionConfigurationPlatforms) = preSolution
		Debug|Any CPU = Debug|Any CPU
		Release|Any CPU = Release|Any CPU
	EndGlobalSection
	GlobalSection(ProjectConfigurationPlatforms) = postSolution
		{985F9494-2F2C-476B-80D5-F9FB47C61890}.Debug|Any CPU.ActiveCfg = Debug|Any CPU
		{985F9494-2F2C-476B-80D5-F9FB47C61890}.Debug|Any CPU.Build.0 = Debug|Any CPU
		{985F9494-2F2C-476B-80D5-F9FB47C61890}.Release|Any CPU.ActiveCfg = Release|Any CPU
		{985F9494-2F2C-476B-80D5-F9FB47C61890}.Release|Any CPU.Build.0 = Release|Any CPU
	EndGlobalSection
	GlobalSection(SolutionProperties) = preSolution
		HideSolutionNode = FALSE
	EndGlobalSection
	GlobalSection(ExtensibilityGlobals) = postSolution
		SolutionGuid = {8F9538AF-EC2C-46B9-BF98-21F301C33796}
	EndGlobalSection
EndGlobal
